// !$*UTF8*$!
{
	archiveVersion = 1;
	classes = {
	};
	objectVersion = 46;
	objects = {

/* Begin PBXBuildFile section */
		8625B83C1AF02FB100624EE2 /* main.m in Sources */ = {isa = PBXBuildFile; fileRef = 8625B83B1AF02FB100624EE2 /* main.m */; };
		8625B83F1AF02FB100624EE2 /* AppDelegate.m in Sources */ = {isa = PBXBuildFile; fileRef = 8625B83E1AF02FB100624EE2 /* AppDelegate.m */; };
		8625B84D1AF02FB100624EE2 /* Images.xcassets in Resources */ = {isa = PBXBuildFile; fileRef = 8625B84C1AF02FB100624EE2 /* Images.xcassets */; };
		8625B8501AF02FB100624EE2 /* LaunchScreen.xib in Resources */ = {isa = PBXBuildFile; fileRef = 8625B84E1AF02FB100624EE2 /* LaunchScreen.xib */; };
		8625B85C1AF02FB100624EE2 /* QueuesTests.m in Sources */ = {isa = PBXBuildFile; fileRef = 8625B85B1AF02FB100624EE2 /* QueuesTests.m */; };
		8625B8671AF031AB00624EE2 /* libz.dylib in Frameworks */ = {isa = PBXBuildFile; fileRef = 8625B8661AF031AB00624EE2 /* libz.dylib */; };
		8625B8691AF031B400624EE2 /* Security.framework in Frameworks */ = {isa = PBXBuildFile; fileRef = 8625B8681AF031B400624EE2 /* Security.framework */; };
		8625B86B1AF031BD00624EE2 /* libicucore.dylib in Frameworks */ = {isa = PBXBuildFile; fileRef = 8625B86A1AF031BD00624EE2 /* libicucore.dylib */; };
		8625B8701AF035E200624EE2 /* NavigationController.java in Sources */ = {isa = PBXBuildFile; fileRef = 8625B86F1AF035E200624EE2 /* NavigationController.java */; };
		8625B87A1AF0368600624EE2 /* Queue.java in Sources */ = {isa = PBXBuildFile; fileRef = 8625B8711AF0368600624EE2 /* Queue.java */; };
		8625B87B1AF0368600624EE2 /* QueueItem.java in Sources */ = {isa = PBXBuildFile; fileRef = 8625B8721AF0368600624EE2 /* QueueItem.java */; };
		8625B87C1AF0368600624EE2 /* QueueList.java in Sources */ = {isa = PBXBuildFile; fileRef = 8625B8731AF0368600624EE2 /* QueueList.java */; };
		8625B87D1AF0368600624EE2 /* QueueListPresenter.java in Sources */ = {isa = PBXBuildFile; fileRef = 8625B8741AF0368600624EE2 /* QueueListPresenter.java */; };
		8625B87E1AF0368600624EE2 /* QueueListView.java in Sources */ = {isa = PBXBuildFile; fileRef = 8625B8751AF0368600624EE2 /* QueueListView.java */; };
		8625B87F1AF0368600624EE2 /* QueuePersister.java in Sources */ = {isa = PBXBuildFile; fileRef = 8625B8761AF0368600624EE2 /* QueuePersister.java */; };
		8625B8801AF0368600624EE2 /* QueuePresenter.java in Sources */ = {isa = PBXBuildFile; fileRef = 8625B8771AF0368600624EE2 /* QueuePresenter.java */; };
		8625B8811AF0368600624EE2 /* QueueView.java in Sources */ = {isa = PBXBuildFile; fileRef = 8625B8781AF0368600624EE2 /* QueueView.java */; };
		8625B8821AF0368600624EE2 /* Source.java in Sources */ = {isa = PBXBuildFile; fileRef = 8625B8791AF0368600624EE2 /* Source.java */; };
		864E1FB51B06ADE50066926E /* Storyboard.storyboard in Resources */ = {isa = PBXBuildFile; fileRef = 864E1FB41B06ADE50066926E /* Storyboard.storyboard */; };
		864E1FB81B06AF260066926E /* QCQueueListViewController.m in Sources */ = {isa = PBXBuildFile; fileRef = 864E1FB71B06AF260066926E /* QCQueueListViewController.m */; };
		864E1FBB1B06B20F0066926E /* QCDummyQueuePersister.m in Sources */ = {isa = PBXBuildFile; fileRef = 864E1FBA1B06B20F0066926E /* QCDummyQueuePersister.m */; };
		864E1FBE1B06B2B10066926E /* NSArrayShim.m in Sources */ = {isa = PBXBuildFile; fileRef = 864E1FBD1B06B2B10066926E /* NSArrayShim.m */; };
		8652991C1BEA68EB0015706B /* QueueModel.xcdatamodeld in Sources */ = {isa = PBXBuildFile; fileRef = 8652991A1BEA68EB0015706B /* QueueModel.xcdatamodeld */; };
		FA0963FE1B16E9870050CB55 /* QCQueueViewController.m in Sources */ = {isa = PBXBuildFile; fileRef = FA0963FD1B16E9870050CB55 /* QCQueueViewController.m */; };
/* End PBXBuildFile section */

/* Begin PBXBuildRule section */
		8625B86C1AF0342D00624EE2 /* PBXBuildRule */ = {
			isa = PBXBuildRule;
			compilerSpec = com.apple.compilers.proxy.script;
			fileType = sourcecode.java;
			isEditable = 1;
			outputFiles = (
				"$(DERIVED_FILES_DIR)/${INPUT_FILE_BASE}.h",
				"$(DERIVED_FILES_DIR)/${INPUT_FILE_BASE}.m",
			);
			script = "if [ ! -f \"${J2OBJC_HOME}/j2objc\" ]; then echo \"J2OBJC_HOME not correctly defined in Settings.xcconfig, currently set to '${J2OBJC_HOME}'\"; exit 1; fi;\n\"${J2OBJC_HOME}/j2objc\" -d ${DERIVED_FILES_DIR} -sourcepath \"../core/src/main/java\" --no-package-directories -use-arc --prefix uk.co.amlcurran.queues.core=QC -g ${INPUT_FILE_PATH};";
		};
		865299151BEA66020015706B /* PBXBuildRule */ = {
			isa = PBXBuildRule;
			compilerSpec = com.apple.compilers.proxy.script;
			fileType = pattern.proxy;
			isEditable = 1;
			outputFiles = (
			);
			script = "";
		};
/* End PBXBuildRule section */

/* Begin PBXContainerItemProxy section */
		8625B8561AF02FB100624EE2 /* PBXContainerItemProxy */ = {
			isa = PBXContainerItemProxy;
			containerPortal = 8625B82E1AF02FB100624EE2 /* Project object */;
			proxyType = 1;
			remoteGlobalIDString = 8625B8351AF02FB100624EE2;
			remoteInfo = Queues;
		};
/* End PBXContainerItemProxy section */

/* Begin PBXFileReference section */
		8625B8361AF02FB100624EE2 /* Queues.app */ = {isa = PBXFileReference; explicitFileType = wrapper.application; includeInIndex = 0; path = Queues.app; sourceTree = BUILT_PRODUCTS_DIR; };
		8625B83A1AF02FB100624EE2 /* Info.plist */ = {isa = PBXFileReference; lastKnownFileType = text.plist.xml; path = Info.plist; sourceTree = "<group>"; };
		8625B83B1AF02FB100624EE2 /* main.m */ = {isa = PBXFileReference; lastKnownFileType = sourcecode.c.objc; path = main.m; sourceTree = "<group>"; };
		8625B83D1AF02FB100624EE2 /* AppDelegate.h */ = {isa = PBXFileReference; lastKnownFileType = sourcecode.c.h; path = AppDelegate.h; sourceTree = "<group>"; };
		8625B83E1AF02FB100624EE2 /* AppDelegate.m */ = {isa = PBXFileReference; lastKnownFileType = sourcecode.c.objc; path = AppDelegate.m; sourceTree = "<group>"; };
		8625B84C1AF02FB100624EE2 /* Images.xcassets */ = {isa = PBXFileReference; lastKnownFileType = folder.assetcatalog; path = Images.xcassets; sourceTree = "<group>"; };
		8625B84F1AF02FB100624EE2 /* Base */ = {isa = PBXFileReference; lastKnownFileType = file.xib; name = Base; path = Base.lproj/LaunchScreen.xib; sourceTree = "<group>"; };
		8625B8551AF02FB100624EE2 /* QueuesTests.xctest */ = {isa = PBXFileReference; explicitFileType = wrapper.cfbundle; includeInIndex = 0; path = QueuesTests.xctest; sourceTree = BUILT_PRODUCTS_DIR; };
		8625B85A1AF02FB100624EE2 /* Info.plist */ = {isa = PBXFileReference; lastKnownFileType = text.plist.xml; path = Info.plist; sourceTree = "<group>"; };
		8625B85B1AF02FB100624EE2 /* QueuesTests.m */ = {isa = PBXFileReference; lastKnownFileType = sourcecode.c.objc; path = QueuesTests.m; sourceTree = "<group>"; };
		8625B8661AF031AB00624EE2 /* libz.dylib */ = {isa = PBXFileReference; lastKnownFileType = "compiled.mach-o.dylib"; name = libz.dylib; path = usr/lib/libz.dylib; sourceTree = SDKROOT; };
		8625B8681AF031B400624EE2 /* Security.framework */ = {isa = PBXFileReference; lastKnownFileType = wrapper.framework; name = Security.framework; path = System/Library/Frameworks/Security.framework; sourceTree = SDKROOT; };
		8625B86A1AF031BD00624EE2 /* libicucore.dylib */ = {isa = PBXFileReference; lastKnownFileType = "compiled.mach-o.dylib"; name = libicucore.dylib; path = usr/lib/libicucore.dylib; sourceTree = SDKROOT; };
		8625B86D1AF035CB00624EE2 /* java */ = {isa = PBXFileReference; lastKnownFileType = folder; name = java; path = ../core/src/main/java; sourceTree = "<group>"; };
		8625B86F1AF035E200624EE2 /* NavigationController.java */ = {isa = PBXFileReference; lastKnownFileType = sourcecode.java; name = NavigationController.java; path = ../core/src/main/java/uk/co/amlcurran/queues/core/NavigationController.java; sourceTree = "<group>"; };
		8625B8711AF0368600624EE2 /* Queue.java */ = {isa = PBXFileReference; lastKnownFileType = sourcecode.java; name = Queue.java; path = ../core/src/main/java/uk/co/amlcurran/queues/core/Queue.java; sourceTree = "<group>"; };
		8625B8721AF0368600624EE2 /* QueueItem.java */ = {isa = PBXFileReference; lastKnownFileType = sourcecode.java; name = QueueItem.java; path = ../core/src/main/java/uk/co/amlcurran/queues/core/QueueItem.java; sourceTree = "<group>"; };
		8625B8731AF0368600624EE2 /* QueueList.java */ = {isa = PBXFileReference; lastKnownFileType = sourcecode.java; name = QueueList.java; path = ../core/src/main/java/uk/co/amlcurran/queues/core/QueueList.java; sourceTree = "<group>"; };
		8625B8741AF0368600624EE2 /* QueueListPresenter.java */ = {isa = PBXFileReference; lastKnownFileType = sourcecode.java; name = QueueListPresenter.java; path = ../core/src/main/java/uk/co/amlcurran/queues/core/QueueListPresenter.java; sourceTree = "<group>"; };
		8625B8751AF0368600624EE2 /* QueueListView.java */ = {isa = PBXFileReference; lastKnownFileType = sourcecode.java; name = QueueListView.java; path = ../core/src/main/java/uk/co/amlcurran/queues/core/QueueListView.java; sourceTree = "<group>"; };
		8625B8761AF0368600624EE2 /* QueuePersister.java */ = {isa = PBXFileReference; lastKnownFileType = sourcecode.java; name = QueuePersister.java; path = ../core/src/main/java/uk/co/amlcurran/queues/core/QueuePersister.java; sourceTree = "<group>"; };
		8625B8771AF0368600624EE2 /* QueuePresenter.java */ = {isa = PBXFileReference; lastKnownFileType = sourcecode.java; name = QueuePresenter.java; path = ../core/src/main/java/uk/co/amlcurran/queues/core/QueuePresenter.java; sourceTree = "<group>"; };
		8625B8781AF0368600624EE2 /* QueueView.java */ = {isa = PBXFileReference; lastKnownFileType = sourcecode.java; name = QueueView.java; path = ../core/src/main/java/uk/co/amlcurran/queues/core/QueueView.java; sourceTree = "<group>"; };
		8625B8791AF0368600624EE2 /* Source.java */ = {isa = PBXFileReference; lastKnownFileType = sourcecode.java; name = Source.java; path = ../core/src/main/java/uk/co/amlcurran/queues/core/Source.java; sourceTree = "<group>"; };
		864E1FB41B06ADE50066926E /* Storyboard.storyboard */ = {isa = PBXFileReference; fileEncoding = 4; lastKnownFileType = file.storyboard; path = Storyboard.storyboard; sourceTree = "<group>"; };
		864E1FB61B06AF260066926E /* QCQueueListViewController.h */ = {isa = PBXFileReference; fileEncoding = 4; lastKnownFileType = sourcecode.c.h; path = QCQueueListViewController.h; sourceTree = "<group>"; };
		864E1FB71B06AF260066926E /* QCQueueListViewController.m */ = {isa = PBXFileReference; fileEncoding = 4; lastKnownFileType = sourcecode.c.objc; path = QCQueueListViewController.m; sourceTree = "<group>"; };
		864E1FB91B06B20F0066926E /* QCDummyQueuePersister.h */ = {isa = PBXFileReference; fileEncoding = 4; lastKnownFileType = sourcecode.c.h; path = QCDummyQueuePersister.h; sourceTree = "<group>"; };
		864E1FBA1B06B20F0066926E /* QCDummyQueuePersister.m */ = {isa = PBXFileReference; fileEncoding = 4; lastKnownFileType = sourcecode.c.objc; path = QCDummyQueuePersister.m; sourceTree = "<group>"; };
		864E1FBC1B06B2B10066926E /* NSArrayShim.h */ = {isa = PBXFileReference; fileEncoding = 4; lastKnownFileType = sourcecode.c.h; path = NSArrayShim.h; sourceTree = "<group>"; };
		864E1FBD1B06B2B10066926E /* NSArrayShim.m */ = {isa = PBXFileReference; fileEncoding = 4; lastKnownFileType = sourcecode.c.objc; path = NSArrayShim.m; sourceTree = "<group>"; };
		8652991B1BEA68EB0015706B /* QueueModel.xcdatamodel */ = {isa = PBXFileReference; lastKnownFileType = wrapper.xcdatamodel; path = QueueModel.xcdatamodel; sourceTree = "<group>"; };
		FA0963FC1B16E9870050CB55 /* QCQueueViewController.h */ = {isa = PBXFileReference; fileEncoding = 4; lastKnownFileType = sourcecode.c.h; path = QCQueueViewController.h; sourceTree = "<group>"; };
		FA0963FD1B16E9870050CB55 /* QCQueueViewController.m */ = {isa = PBXFileReference; fileEncoding = 4; lastKnownFileType = sourcecode.c.objc; path = QCQueueViewController.m; sourceTree = "<group>"; };
/* End PBXFileReference section */

/* Begin PBXFrameworksBuildPhase section */
		8625B8331AF02FB100624EE2 /* Frameworks */ = {
			isa = PBXFrameworksBuildPhase;
			buildActionMask = 2147483647;
			files = (
				8625B86B1AF031BD00624EE2 /* libicucore.dylib in Frameworks */,
				8625B8691AF031B400624EE2 /* Security.framework in Frameworks */,
				8625B8671AF031AB00624EE2 /* libz.dylib in Frameworks */,
			);
			runOnlyForDeploymentPostprocessing = 0;
		};
		8625B8521AF02FB100624EE2 /* Frameworks */ = {
			isa = PBXFrameworksBuildPhase;
			buildActionMask = 2147483647;
			files = (
			);
			runOnlyForDeploymentPostprocessing = 0;
		};
/* End PBXFrameworksBuildPhase section */

/* Begin PBXGroup section */
		8625B82D1AF02FB100624EE2 = {
			isa = PBXGroup;
			children = (
				8652991A1BEA68EB0015706B /* QueueModel.xcdatamodeld */,
				8625B8841AF0369400624EE2 /* domain */,
				8625B86D1AF035CB00624EE2 /* java */,
				8625B86A1AF031BD00624EE2 /* libicucore.dylib */,
				8625B8681AF031B400624EE2 /* Security.framework */,
				8625B8661AF031AB00624EE2 /* libz.dylib */,
				8625B8381AF02FB100624EE2 /* Queues */,
				8625B8581AF02FB100624EE2 /* QueuesTests */,
				8625B8371AF02FB100624EE2 /* Products */,
			);
			sourceTree = "<group>";
		};
		8625B8371AF02FB100624EE2 /* Products */ = {
			isa = PBXGroup;
			children = (
				8625B8361AF02FB100624EE2 /* Queues.app */,
				8625B8551AF02FB100624EE2 /* QueuesTests.xctest */,
			);
			name = Products;
			sourceTree = "<group>";
		};
		8625B8381AF02FB100624EE2 /* Queues */ = {
			isa = PBXGroup;
			children = (
				8625B83D1AF02FB100624EE2 /* AppDelegate.h */,
				8625B83E1AF02FB100624EE2 /* AppDelegate.m */,
				8625B84C1AF02FB100624EE2 /* Images.xcassets */,
				8625B84E1AF02FB100624EE2 /* LaunchScreen.xib */,
				8625B8391AF02FB100624EE2 /* Supporting Files */,
				864E1FB41B06ADE50066926E /* Storyboard.storyboard */,
				864E1FB61B06AF260066926E /* QCQueueListViewController.h */,
				864E1FB71B06AF260066926E /* QCQueueListViewController.m */,
				864E1FB91B06B20F0066926E /* QCDummyQueuePersister.h */,
				864E1FBA1B06B20F0066926E /* QCDummyQueuePersister.m */,
				864E1FBC1B06B2B10066926E /* NSArrayShim.h */,
				864E1FBD1B06B2B10066926E /* NSArrayShim.m */,
				FA0963FC1B16E9870050CB55 /* QCQueueViewController.h */,
				FA0963FD1B16E9870050CB55 /* QCQueueViewController.m */,
			);
			path = Queues;
			sourceTree = "<group>";
		};
		8625B8391AF02FB100624EE2 /* Supporting Files */ = {
			isa = PBXGroup;
			children = (
				8625B83A1AF02FB100624EE2 /* Info.plist */,
				8625B83B1AF02FB100624EE2 /* main.m */,
			);
			name = "Supporting Files";
			sourceTree = "<group>";
		};
		8625B8581AF02FB100624EE2 /* QueuesTests */ = {
			isa = PBXGroup;
			children = (
				8625B85B1AF02FB100624EE2 /* QueuesTests.m */,
				8625B8591AF02FB100624EE2 /* Supporting Files */,
			);
			path = QueuesTests;
			sourceTree = "<group>";
		};
		8625B8591AF02FB100624EE2 /* Supporting Files */ = {
			isa = PBXGroup;
			children = (
				8625B85A1AF02FB100624EE2 /* Info.plist */,
			);
			name = "Supporting Files";
			sourceTree = "<group>";
		};
		8625B8841AF0369400624EE2 /* domain */ = {
			isa = PBXGroup;
			children = (
				8625B8711AF0368600624EE2 /* Queue.java */,
				8625B8721AF0368600624EE2 /* QueueItem.java */,
				8625B8731AF0368600624EE2 /* QueueList.java */,
				8625B8741AF0368600624EE2 /* QueueListPresenter.java */,
				8625B8751AF0368600624EE2 /* QueueListView.java */,
				8625B8761AF0368600624EE2 /* QueuePersister.java */,
				8625B8771AF0368600624EE2 /* QueuePresenter.java */,
				8625B8781AF0368600624EE2 /* QueueView.java */,
				8625B8791AF0368600624EE2 /* Source.java */,
				8625B86F1AF035E200624EE2 /* NavigationController.java */,
			);
			name = domain;
			sourceTree = "<group>";
		};
/* End PBXGroup section */

/* Begin PBXNativeTarget section */
		8625B8351AF02FB100624EE2 /* Queues */ = {
			isa = PBXNativeTarget;
			buildConfigurationList = 8625B85F1AF02FB100624EE2 /* Build configuration list for PBXNativeTarget "Queues" */;
			buildPhases = (
				8625B8321AF02FB100624EE2 /* Sources */,
				8625B8331AF02FB100624EE2 /* Frameworks */,
				8625B8341AF02FB100624EE2 /* Resources */,
			);
			buildRules = (
				865299151BEA66020015706B /* PBXBuildRule */,
				8625B86C1AF0342D00624EE2 /* PBXBuildRule */,
			);
			dependencies = (
			);
			name = Queues;
			productName = Queues;
			productReference = 8625B8361AF02FB100624EE2 /* Queues.app */;
			productType = "com.apple.product-type.application";
		};
		8625B8541AF02FB100624EE2 /* QueuesTests */ = {
			isa = PBXNativeTarget;
			buildConfigurationList = 8625B8621AF02FB100624EE2 /* Build configuration list for PBXNativeTarget "QueuesTests" */;
			buildPhases = (
				8625B8511AF02FB100624EE2 /* Sources */,
				8625B8521AF02FB100624EE2 /* Frameworks */,
				8625B8531AF02FB100624EE2 /* Resources */,
			);
			buildRules = (
			);
			dependencies = (
				8625B8571AF02FB100624EE2 /* PBXTargetDependency */,
			);
			name = QueuesTests;
			productName = QueuesTests;
			productReference = 8625B8551AF02FB100624EE2 /* QueuesTests.xctest */;
			productType = "com.apple.product-type.bundle.unit-test";
		};
/* End PBXNativeTarget section */

/* Begin PBXProject section */
		8625B82E1AF02FB100624EE2 /* Project object */ = {
			isa = PBXProject;
			attributes = {
				LastUpgradeCheck = 0710;
				ORGANIZATIONNAME = "Alex Curran";
				TargetAttributes = {
					8625B8351AF02FB100624EE2 = {
						CreatedOnToolsVersion = 6.3;
						DevelopmentTeam = LW2EJ7FEBP;
					};
					8625B8541AF02FB100624EE2 = {
						CreatedOnToolsVersion = 6.3;
						TestTargetID = 8625B8351AF02FB100624EE2;
					};
				};
			};
			buildConfigurationList = 8625B8311AF02FB100624EE2 /* Build configuration list for PBXProject "Queues" */;
			compatibilityVersion = "Xcode 3.2";
			developmentRegion = English;
			hasScannedForEncodings = 0;
			knownRegions = (
				en,
				Base,
			);
			mainGroup = 8625B82D1AF02FB100624EE2;
			productRefGroup = 8625B8371AF02FB100624EE2 /* Products */;
			projectDirPath = "";
			projectRoot = "";
			targets = (
				8625B8351AF02FB100624EE2 /* Queues */,
				8625B8541AF02FB100624EE2 /* QueuesTests */,
			);
		};
/* End PBXProject section */

/* Begin PBXResourcesBuildPhase section */
		8625B8341AF02FB100624EE2 /* Resources */ = {
			isa = PBXResourcesBuildPhase;
			buildActionMask = 2147483647;
			files = (
				8625B8501AF02FB100624EE2 /* LaunchScreen.xib in Resources */,
				8625B84D1AF02FB100624EE2 /* Images.xcassets in Resources */,
				864E1FB51B06ADE50066926E /* Storyboard.storyboard in Resources */,
			);
			runOnlyForDeploymentPostprocessing = 0;
		};
		8625B8531AF02FB100624EE2 /* Resources */ = {
			isa = PBXResourcesBuildPhase;
			buildActionMask = 2147483647;
			files = (
			);
			runOnlyForDeploymentPostprocessing = 0;
		};
/* End PBXResourcesBuildPhase section */

/* Begin PBXSourcesBuildPhase section */
		8625B8321AF02FB100624EE2 /* Sources */ = {
			isa = PBXSourcesBuildPhase;
			buildActionMask = 2147483647;
			files = (
				FA0963FE1B16E9870050CB55 /* QCQueueViewController.m in Sources */,
				8625B87A1AF0368600624EE2 /* Queue.java in Sources */,
				8625B87B1AF0368600624EE2 /* QueueItem.java in Sources */,
				864E1FB81B06AF260066926E /* QCQueueListViewController.m in Sources */,
				8625B87C1AF0368600624EE2 /* QueueList.java in Sources */,
				8625B87D1AF0368600624EE2 /* QueueListPresenter.java in Sources */,
				8625B87E1AF0368600624EE2 /* QueueListView.java in Sources */,
				8625B87F1AF0368600624EE2 /* QueuePersister.java in Sources */,
				8652991C1BEA68EB0015706B /* QueueModel.xcdatamodeld in Sources */,
				8625B8801AF0368600624EE2 /* QueuePresenter.java in Sources */,
				8625B8811AF0368600624EE2 /* QueueView.java in Sources */,
				864E1FBE1B06B2B10066926E /* NSArrayShim.m in Sources */,
				8625B8821AF0368600624EE2 /* Source.java in Sources */,
				8625B8701AF035E200624EE2 /* NavigationController.java in Sources */,
				864E1FBB1B06B20F0066926E /* QCDummyQueuePersister.m in Sources */,
				8625B83F1AF02FB100624EE2 /* AppDelegate.m in Sources */,
				8625B83C1AF02FB100624EE2 /* main.m in Sources */,
			);
			runOnlyForDeploymentPostprocessing = 0;
		};
		8625B8511AF02FB100624EE2 /* Sources */ = {
			isa = PBXSourcesBuildPhase;
			buildActionMask = 2147483647;
			files = (
				8625B85C1AF02FB100624EE2 /* QueuesTests.m in Sources */,
			);
			runOnlyForDeploymentPostprocessing = 0;
		};
/* End PBXSourcesBuildPhase section */

/* Begin PBXTargetDependency section */
		8625B8571AF02FB100624EE2 /* PBXTargetDependency */ = {
			isa = PBXTargetDependency;
			target = 8625B8351AF02FB100624EE2 /* Queues */;
			targetProxy = 8625B8561AF02FB100624EE2 /* PBXContainerItemProxy */;
		};
/* End PBXTargetDependency section */

/* Begin PBXVariantGroup section */
		8625B84E1AF02FB100624EE2 /* LaunchScreen.xib */ = {
			isa = PBXVariantGroup;
			children = (
				8625B84F1AF02FB100624EE2 /* Base */,
			);
			name = LaunchScreen.xib;
			sourceTree = "<group>";
		};
/* End PBXVariantGroup section */

/* Begin XCBuildConfiguration section */
		8625B85D1AF02FB100624EE2 /* Debug */ = {
			isa = XCBuildConfiguration;
			buildSettings = {
				ALWAYS_SEARCH_USER_PATHS = NO;
				CLANG_CXX_LANGUAGE_STANDARD = "gnu++0x";
				CLANG_CXX_LIBRARY = "libc++";
				CLANG_ENABLE_MODULES = YES;
				CLANG_ENABLE_OBJC_ARC = YES;
				CLANG_WARN_BOOL_CONVERSION = YES;
				CLANG_WARN_CONSTANT_CONVERSION = YES;
				CLANG_WARN_DIRECT_OBJC_ISA_USAGE = YES_ERROR;
				CLANG_WARN_EMPTY_BODY = YES;
				CLANG_WARN_ENUM_CONVERSION = YES;
				CLANG_WARN_INT_CONVERSION = YES;
				CLANG_WARN_OBJC_ROOT_CLASS = YES_ERROR;
				CLANG_WARN_UNREACHABLE_CODE = YES;
				CLANG_WARN__DUPLICATE_METHOD_MATCH = YES;
				"CODE_SIGN_IDENTITY[sdk=iphoneos*]" = "iPhone Developer";
				COPY_PHASE_STRIP = NO;
				DEBUG_INFORMATION_FORMAT = "dwarf-with-dsym";
				ENABLE_STRICT_OBJC_MSGSEND = YES;
				ENABLE_TESTABILITY = YES;
				GCC_C_LANGUAGE_STANDARD = gnu99;
				GCC_DYNAMIC_NO_PIC = NO;
				GCC_NO_COMMON_BLOCKS = YES;
				GCC_OPTIMIZATION_LEVEL = 0;
				GCC_PREPROCESSOR_DEFINITIONS = (
					"DEBUG=1",
					"$(inherited)",
				);
				GCC_SYMBOLS_PRIVATE_EXTERN = NO;
				GCC_WARN_64_TO_32_BIT_CONVERSION = YES;
				GCC_WARN_ABOUT_RETURN_TYPE = YES_ERROR;
				GCC_WARN_UNDECLARED_SELECTOR = YES;
				GCC_WARN_UNINITIALIZED_AUTOS = YES_AGGRESSIVE;
				GCC_WARN_UNUSED_FUNCTION = YES;
				GCC_WARN_UNUSED_VARIABLE = YES;
				IPHONEOS_DEPLOYMENT_TARGET = 8.3;
				MTL_ENABLE_DEBUG_INFO = YES;
				ONLY_ACTIVE_ARCH = YES;
				SDKROOT = iphoneos;
				TARGETED_DEVICE_FAMILY = "1,2";
			};
			name = Debug;
		};
		8625B85E1AF02FB100624EE2 /* Release */ = {
			isa = XCBuildConfiguration;
			buildSettings = {
				ALWAYS_SEARCH_USER_PATHS = NO;
				CLANG_CXX_LANGUAGE_STANDARD = "gnu++0x";
				CLANG_CXX_LIBRARY = "libc++";
				CLANG_ENABLE_MODULES = YES;
				CLANG_ENABLE_OBJC_ARC = YES;
				CLANG_WARN_BOOL_CONVERSION = YES;
				CLANG_WARN_CONSTANT_CONVERSION = YES;
				CLANG_WARN_DIRECT_OBJC_ISA_USAGE = YES_ERROR;
				CLANG_WARN_EMPTY_BODY = YES;
				CLANG_WARN_ENUM_CONVERSION = YES;
				CLANG_WARN_INT_CONVERSION = YES;
				CLANG_WARN_OBJC_ROOT_CLASS = YES_ERROR;
				CLANG_WARN_UNREACHABLE_CODE = YES;
				CLANG_WARN__DUPLICATE_METHOD_MATCH = YES;
				"CODE_SIGN_IDENTITY[sdk=iphoneos*]" = "iPhone Developer";
				COPY_PHASE_STRIP = NO;
				DEBUG_INFORMATION_FORMAT = "dwarf-with-dsym";
				ENABLE_NS_ASSERTIONS = NO;
				ENABLE_STRICT_OBJC_MSGSEND = YES;
				GCC_C_LANGUAGE_STANDARD = gnu99;
				GCC_NO_COMMON_BLOCKS = YES;
				GCC_WARN_64_TO_32_BIT_CONVERSION = YES;
				GCC_WARN_ABOUT_RETURN_TYPE = YES_ERROR;
				GCC_WARN_UNDECLARED_SELECTOR = YES;
				GCC_WARN_UNINITIALIZED_AUTOS = YES_AGGRESSIVE;
				GCC_WARN_UNUSED_FUNCTION = YES;
				GCC_WARN_UNUSED_VARIABLE = YES;
				IPHONEOS_DEPLOYMENT_TARGET = 8.3;
				MTL_ENABLE_DEBUG_INFO = NO;
				SDKROOT = iphoneos;
				TARGETED_DEVICE_FAMILY = "1,2";
				VALIDATE_PRODUCT = YES;
			};
			name = Release;
		};
		8625B8601AF02FB100624EE2 /* Debug */ = {
			isa = XCBuildConfiguration;
			buildSettings = {
				ASSETCATALOG_COMPILER_APPICON_NAME = AppIcon;
				CODE_SIGN_IDENTITY = "iPhone Developer";
				"CODE_SIGN_IDENTITY[sdk=iphoneos*]" = "iPhone Developer";
				HEADER_SEARCH_PATHS = (
					"$(inherited)",
					/Applications/Xcode.app/Contents/Developer/Toolchains/XcodeDefault.xctoolchain/usr/include,
					"~/bin/include",
				);
				INFOPLIST_FILE = Queues/Info.plist;
				IPHONEOS_DEPLOYMENT_TARGET = 9.0;
				J2OBJC_HOME = /Users/amlcurran/bin;
				LD_RUNPATH_SEARCH_PATHS = "$(inherited) @executable_path/Frameworks";
				LIBRARY_SEARCH_PATHS = "~/bin/lib";
				OTHER_LDFLAGS = "-ljre_emul";
				PRODUCT_BUNDLE_IDENTIFIER = "uk.co.amlcurran.$(PRODUCT_NAME:rfc1034identifier)";
				PRODUCT_NAME = "$(TARGET_NAME)";
				PROVISIONING_PROFILE = "";
			};
			name = Debug;
		};
		8625B8611AF02FB100624EE2 /* Release */ = {
			isa = XCBuildConfiguration;
			buildSettings = {
				ASSETCATALOG_COMPILER_APPICON_NAME = AppIcon;
				CODE_SIGN_IDENTITY = "iPhone Developer";
				"CODE_SIGN_IDENTITY[sdk=iphoneos*]" = "iPhone Developer";
				HEADER_SEARCH_PATHS = (
					"$(inherited)",
					/Applications/Xcode.app/Contents/Developer/Toolchains/XcodeDefault.xctoolchain/usr/include,
					"~/bin/include",
				);
				INFOPLIST_FILE = Queues/Info.plist;
				IPHONEOS_DEPLOYMENT_TARGET = 9.0;
				J2OBJC_HOME = /Users/amlcurran/bin;
				LD_RUNPATH_SEARCH_PATHS = "$(inherited) @executable_path/Frameworks";
				LIBRARY_SEARCH_PATHS = "~/bin/lib";
				OTHER_LDFLAGS = "-ljre_emul";
				PRODUCT_BUNDLE_IDENTIFIER = "uk.co.amlcurran.$(PRODUCT_NAME:rfc1034identifier)";
				PRODUCT_NAME = "$(TARGET_NAME)";
				PROVISIONING_PROFILE = "";
			};
			name = Release;
		};
		8625B8631AF02FB100624EE2 /* Debug */ = {
			isa = XCBuildConfiguration;
			buildSettings = {
				BUNDLE_LOADER = "$(TEST_HOST)";
				FRAMEWORK_SEARCH_PATHS = (
					"$(SDKROOT)/Developer/Library/Frameworks",
					"$(inherited)",
				);
				GCC_PREPROCESSOR_DEFINITIONS = (
					"DEBUG=1",
					"$(inherited)",
				);
				INFOPLIST_FILE = QueuesTests/Info.plist;
				LD_RUNPATH_SEARCH_PATHS = "$(inherited) @executable_path/Frameworks @loader_path/Frameworks";
				PRODUCT_BUNDLE_IDENTIFIER = "uk.co.amlcurran.$(PRODUCT_NAME:rfc1034identifier)";
				PRODUCT_NAME = "$(TARGET_NAME)";
				TEST_HOST = "$(BUILT_PRODUCTS_DIR)/Queues.app/Queues";
			};
			name = Debug;
		};
		8625B8641AF02FB100624EE2 /* Release */ = {
			isa = XCBuildConfiguration;
			buildSettings = {
				BUNDLE_LOADER = "$(TEST_HOST)";
				FRAMEWORK_SEARCH_PATHS = (
					"$(SDKROOT)/Developer/Library/Frameworks",
					"$(inherited)",
				);
				INFOPLIST_FILE = QueuesTests/Info.plist;
				LD_RUNPATH_SEARCH_PATHS = "$(inherited) @executable_path/Frameworks @loader_path/Frameworks";
				PRODUCT_BUNDLE_IDENTIFIER = "uk.co.amlcurran.$(PRODUCT_NAME:rfc1034identifier)";
				PRODUCT_NAME = "$(TARGET_NAME)";
				TEST_HOST = "$(BUILT_PRODUCTS_DIR)/Queues.app/Queues";
			};
			name = Release;
		};
/* End XCBuildConfiguration section */

/* Begin XCConfigurationList section */
		8625B8311AF02FB100624EE2 /* Build configuration list for PBXProject "Queues" */ = {
			isa = XCConfigurationList;
			buildConfigurations = (
				8625B85D1AF02FB100624EE2 /* Debug */,
				8625B85E1AF02FB100624EE2 /* Release */,
			);
			defaultConfigurationIsVisible = 0;
			defaultConfigurationName = Release;
		};
		8625B85F1AF02FB100624EE2 /* Build configuration list for PBXNativeTarget "Queues" */ = {
			isa = XCConfigurationList;
			buildConfigurations = (
				8625B8601AF02FB100624EE2 /* Debug */,
				8625B8611AF02FB100624EE2 /* Release */,
			);
			defaultConfigurationIsVisible = 0;
			defaultConfigurationName = Release;
		};
		8625B8621AF02FB100624EE2 /* Build configuration list for PBXNativeTarget "QueuesTests" */ = {
			isa = XCConfigurationList;
			buildConfigurations = (
				8625B8631AF02FB100624EE2 /* Debug */,
				8625B8641AF02FB100624EE2 /* Release */,
			);
			defaultConfigurationIsVisible = 0;
			defaultConfigurationName = Release;
		};
/* End XCConfigurationList section */

/* Begin XCVersionGroup section */
		8652991A1BEA68EB0015706B /* QueueModel.xcdatamodeld */ = {
			isa = XCVersionGroup;
			children = (
				8652991B1BEA68EB0015706B /* QueueModel.xcdatamodel */,
			);
			currentVersion = 8652991B1BEA68EB0015706B /* QueueModel.xcdatamodel */;
			path = QueueModel.xcdatamodeld;
			sourceTree = "<group>";
			versionGroupType = wrapper.xcdatamodel;
		};
/* End XCVersionGroup section */
	};
	rootObject = 8625B82E1AF02FB100624EE2 /* Project object */;
}
